
Microsoft Visual Studio Solution File, Format Version 12.00
# Visual Studio 15
VisualStudioVersion = 15.0.27130.2010
MinimumVisualStudioVersion = 10.0.40219.1
Project("{9A19103F-16F7-4668-BE54-9A1E7A4F7556}") = "SA_Models", "SA_Models\SA_Models.csproj", "{ACC2452A-3E80-4D7B-9E4B-95D6C5F3EA52}"
EndProject
Project("{9A19103F-16F7-4668-BE54-9A1E7A4F7556}") = "SA_DbContext", "SA_DbContext\SA_DbContext.csproj", "{1442A19D-F2BB-4E53-BF6A-7997D923C299}"
EndProject
Project("{9A19103F-16F7-4668-BE54-9A1E7A4F7556}") = "SA_Repositories", "SA_Repositories\SA_Repositories.csproj", "{E0BEC72B-A2A5-4382-9F1F-EFCCAD2339A5}"
EndProject
Project("{9A19103F-16F7-4668-BE54-9A1E7A4F7556}") = "SA_Utils", "SA_Utils\SA_Utils.csproj", "{C1A6FAFC-CADE-4B81-A670-D00F7B16E581}"
EndProject
Project("{9A19103F-16F7-4668-BE54-9A1E7A4F7556}") = "SA_Services", "SA_Services\SA_Services.csproj", "{D3089A83-0883-4471-9ED3-4B1B4F1B1BCE}"
EndProject
Project("{9A19103F-16F7-4668-BE54-9A1E7A4F7556}") = "ConsoleTestApp", "ConsoleTestApp\ConsoleTestApp.csproj", "{0F89B89B-379F-4250-AFDB-DDAF993F145F}"
EndProject
Project("{FAE04EC0-301F-11D3-BF4B-00C04F79EFBC}") = "SA_WebApi", "SA_WebApi\SA_WebApi.csproj", "{3647AF82-83F5-441A-B879-6338C3907E91}"
EndProject
Global
	GlobalSection(SolutionConfigurationPlatforms) = preSolution
		Debug|Any CPU = Debug|Any CPU
		Release|Any CPU = Release|Any CPU
	EndGlobalSection
	GlobalSection(ProjectConfigurationPlatforms) = postSolution
		{ACC2452A-3E80-4D7B-9E4B-95D6C5F3EA52}.Debug|Any CPU.ActiveCfg = Debug|Any CPU
		{ACC2452A-3E80-4D7B-9E4B-95D6C5F3EA52}.Debug|Any CPU.Build.0 = Debug|Any CPU
		{ACC2452A-3E80-4D7B-9E4B-95D6C5F3EA52}.Release|Any CPU.ActiveCfg = Release|Any CPU
		{ACC2452A-3E80-4D7B-9E4B-95D6C5F3EA52}.Release|Any CPU.Build.0 = Release|Any CPU
		{1442A19D-F2BB-4E53-BF6A-7997D923C299}.Debug|Any CPU.ActiveCfg = Debug|Any CPU
		{1442A19D-F2BB-4E53-BF6A-7997D923C299}.Debug|Any CPU.Build.0 = Debug|Any CPU
		{1442A19D-F2BB-4E53-BF6A-7997D923C299}.Release|Any CPU.ActiveCfg = Release|Any CPU
		{1442A19D-F2BB-4E53-BF6A-7997D923C299}.Release|Any CPU.Build.0 = Release|Any CPU
		{E0BEC72B-A2A5-4382-9F1F-EFCCAD2339A5}.Debug|Any CPU.ActiveCfg = Debug|Any CPU
		{E0BEC72B-A2A5-4382-9F1F-EFCCAD2339A5}.Debug|Any CPU.Build.0 = Debug|Any CPU
		{E0BEC72B-A2A5-4382-9F1F-EFCCAD2339A5}.Release|Any CPU.ActiveCfg = Release|Any CPU
		{E0BEC72B-A2A5-4382-9F1F-EFCCAD2339A5}.Release|Any CPU.Build.0 = Release|Any CPU
		{C1A6FAFC-CADE-4B81-A670-D00F7B16E581}.Debug|Any CPU.ActiveCfg = Debug|Any CPU
		{C1A6FAFC-CADE-4B81-A670-D00F7B16E581}.Debug|Any CPU.Build.0 = Debug|Any CPU
		{C1A6FAFC-CADE-4B81-A670-D00F7B16E581}.Release|Any CPU.ActiveCfg = Release|Any CPU
		{C1A6FAFC-CADE-4B81-A670-D00F7B16E581}.Release|Any CPU.Build.0 = Release|Any CPU
		{D3089A83-0883-4471-9ED3-4B1B4F1B1BCE}.Debug|Any CPU.ActiveCfg = Debug|Any CPU
		{D3089A83-0883-4471-9ED3-4B1B4F1B1BCE}.Debug|Any CPU.Build.0 = Debug|Any CPU
		{D3089A83-0883-4471-9ED3-4B1B4F1B1BCE}.Release|Any CPU.ActiveCfg = Release|Any CPU
		{D3089A83-0883-4471-9ED3-4B1B4F1B1BCE}.Release|Any CPU.Build.0 = Release|Any CPU
		{0F89B89B-379F-4250-AFDB-DDAF993F145F}.Debug|Any CPU.ActiveCfg = Debug|Any CPU
		{0F89B89B-379F-4250-AFDB-DDAF993F145F}.Debug|Any CPU.Build.0 = Debug|Any CPU
		{0F89B89B-379F-4250-AFDB-DDAF993F145F}.Release|Any CPU.ActiveCfg = Release|Any CPU
		{0F89B89B-379F-4250-AFDB-DDAF993F145F}.Release|Any CPU.Build.0 = Release|Any CPU
		{3647AF82-83F5-441A-B879-6338C3907E91}.Debug|Any CPU.ActiveCfg = Debug|Any CPU
		{3647AF82-83F5-441A-B879-6338C3907E91}.Debug|Any CPU.Build.0 = Debug|Any CPU
		{3647AF82-83F5-441A-B879-6338C3907E91}.Release|Any CPU.ActiveCfg = Release|Any CPU
		{3647AF82-83F5-441A-B879-6338C3907E91}.Release|Any CPU.Build.0 = Release|Any CPU
	EndGlobalSection
	GlobalSection(SolutionProperties) = preSolution
		HideSolutionNode = FALSE
	EndGlobalSection
	GlobalSection(ExtensibilityGlobals) = postSolution
		SolutionGuid = {9F342810-E2BD-485C-850C-A1E4D0707FCC}
	EndGlobalSection
EndGlobal
